
Microsoft Visual Studio Solution File, Format Version 11.00
# Visual Studio 2010
Project("{FAE04EC0-301F-11D3-BF4B-00C04F79EFBC}") = "Alloy", "Alloy\Alloy.csproj", "{EC090CA0-38F3-4218-A5E5-5604718B12D4}"
EndProject
Project("{FAE04EC0-301F-11D3-BF4B-00C04F79EFBC}") = "Alloy.Windows", "Alloy.Windows\Alloy.Windows.csproj", "{442FC6D9-749F-48FB-BFF0-8B69A17C742F}"
EndProject
Project("{FAE04EC0-301F-11D3-BF4B-00C04F79EFBC}") = "Tempest", "Tempest\Desktop\Tempest\Tempest.csproj", "{D6A2003C-CBB2-47B0-B306-521141D3068D}"
EndProject
Global
	GlobalSection(SolutionConfigurationPlatforms) = preSolution
		Debug|Any CPU = Debug|Any CPU
		Release|Any CPU = Release|Any CPU
	EndGlobalSection
	GlobalSection(ProjectConfigurationPlatforms) = postSolution
		{EC090CA0-38F3-4218-A5E5-5604718B12D4}.Debug|Any CPU.ActiveCfg = Debug|Any CPU
		{EC090CA0-38F3-4218-A5E5-5604718B12D4}.Debug|Any CPU.Build.0 = Debug|Any CPU
		{EC090CA0-38F3-4218-A5E5-5604718B12D4}.Release|Any CPU.ActiveCfg = Release|Any CPU
		{EC090CA0-38F3-4218-A5E5-5604718B12D4}.Release|Any CPU.Build.0 = Release|Any CPU
		{442FC6D9-749F-48FB-BFF0-8B69A17C742F}.Debug|Any CPU.ActiveCfg = Debug|Any CPU
		{442FC6D9-749F-48FB-BFF0-8B69A17C742F}.Debug|Any CPU.Build.0 = Debug|Any CPU
		{442FC6D9-749F-48FB-BFF0-8B69A17C742F}.Release|Any CPU.ActiveCfg = Release|Any CPU
		{442FC6D9-749F-48FB-BFF0-8B69A17C742F}.Release|Any CPU.Build.0 = Release|Any CPU
		{D6A2003C-CBB2-47B0-B306-521141D3068D}.Debug|Any CPU.ActiveCfg = Debug|Any CPU
		{D6A2003C-CBB2-47B0-B306-521141D3068D}.Debug|Any CPU.Build.0 = Debug|Any CPU
		{D6A2003C-CBB2-47B0-B306-521141D3068D}.Release|Any CPU.ActiveCfg = Release|Any CPU
		{D6A2003C-CBB2-47B0-B306-521141D3068D}.Release|Any CPU.Build.0 = Release|Any CPU
	EndGlobalSection
	GlobalSection(SolutionProperties) = preSolution
		HideSolutionNode = FALSE
	EndGlobalSection
EndGlobal
